
Microsoft Visual Studio Solution File, Format Version 12.00
# Visual Studio Version 17
VisualStudioVersion = 17.14.36119.2
MinimumVisualStudioVersion = 10.0.40219.1
Project("{FAE04EC0-301F-11D3-BF4B-00C04F79EFBC}") = "SpireCLI", "SpireCLI\SpireCLI.csproj", "{B0A79C27-470D-EAF8-547E-7AE56EE2E11E}"
EndProject
Project("{FAE04EC0-301F-11D3-BF4B-00C04F79EFBC}") = "SpireCore", "SpireCore\SpireCore.csproj", "{998E6721-3FEE-468D-16B6-9681C3C7AD8D}"
EndProject
Project("{2150E333-8FDC-42A3-9474-1A3956D46DE8}") = "SpireApi.Template", "SpireApi.Template", "{02EA681E-C7D8-13C7-8484-4AC65E1B71E8}"
EndProject
Project("{FAE04EC0-301F-11D3-BF4B-00C04F79EFBC}") = "SpireApi.Application", "SpireApi.Template\SpireApi.Application\SpireApi.Application.csproj", "{58B1A906-18AD-D9A8-6717-EDAC7A33B39E}"
EndProject
Project("{FAE04EC0-301F-11D3-BF4B-00C04F79EFBC}") = "SpireApi.Contracts", "SpireApi.Template\SpireApi.Contracts\SpireApi.Contracts.csproj", "{F5746F6E-D3FB-190C-59C5-793B5D758048}"
EndProject
Project("{FAE04EC0-301F-11D3-BF4B-00C04F79EFBC}") = "SpireApi.Host", "SpireApi.Template\SpireApi.Host\SpireApi.Host.csproj", "{89A92848-E6C3-0879-1DBE-56151ACEDF22}"
EndProject
Global
	GlobalSection(SolutionConfigurationPlatforms) = preSolution
		Debug|Any CPU = Debug|Any CPU
		Release|Any CPU = Release|Any CPU
	EndGlobalSection
	GlobalSection(ProjectConfigurationPlatforms) = postSolution
		{B0A79C27-470D-EAF8-547E-7AE56EE2E11E}.Debug|Any CPU.ActiveCfg = Debug|Any CPU
		{B0A79C27-470D-EAF8-547E-7AE56EE2E11E}.Debug|Any CPU.Build.0 = Debug|Any CPU
		{B0A79C27-470D-EAF8-547E-7AE56EE2E11E}.Release|Any CPU.ActiveCfg = Release|Any CPU
		{B0A79C27-470D-EAF8-547E-7AE56EE2E11E}.Release|Any CPU.Build.0 = Release|Any CPU
		{998E6721-3FEE-468D-16B6-9681C3C7AD8D}.Debug|Any CPU.ActiveCfg = Debug|Any CPU
		{998E6721-3FEE-468D-16B6-9681C3C7AD8D}.Debug|Any CPU.Build.0 = Debug|Any CPU
		{998E6721-3FEE-468D-16B6-9681C3C7AD8D}.Release|Any CPU.ActiveCfg = Release|Any CPU
		{998E6721-3FEE-468D-16B6-9681C3C7AD8D}.Release|Any CPU.Build.0 = Release|Any CPU
		{58B1A906-18AD-D9A8-6717-EDAC7A33B39E}.Debug|Any CPU.ActiveCfg = Debug|Any CPU
		{58B1A906-18AD-D9A8-6717-EDAC7A33B39E}.Debug|Any CPU.Build.0 = Debug|Any CPU
		{58B1A906-18AD-D9A8-6717-EDAC7A33B39E}.Release|Any CPU.ActiveCfg = Release|Any CPU
		{58B1A906-18AD-D9A8-6717-EDAC7A33B39E}.Release|Any CPU.Build.0 = Release|Any CPU
		{F5746F6E-D3FB-190C-59C5-793B5D758048}.Debug|Any CPU.ActiveCfg = Debug|Any CPU
		{F5746F6E-D3FB-190C-59C5-793B5D758048}.Debug|Any CPU.Build.0 = Debug|Any CPU
		{F5746F6E-D3FB-190C-59C5-793B5D758048}.Release|Any CPU.ActiveCfg = Release|Any CPU
		{F5746F6E-D3FB-190C-59C5-793B5D758048}.Release|Any CPU.Build.0 = Release|Any CPU
		{89A92848-E6C3-0879-1DBE-56151ACEDF22}.Debug|Any CPU.ActiveCfg = Debug|Any CPU
		{89A92848-E6C3-0879-1DBE-56151ACEDF22}.Debug|Any CPU.Build.0 = Debug|Any CPU
		{89A92848-E6C3-0879-1DBE-56151ACEDF22}.Release|Any CPU.ActiveCfg = Release|Any CPU
		{89A92848-E6C3-0879-1DBE-56151ACEDF22}.Release|Any CPU.Build.0 = Release|Any CPU
	EndGlobalSection
	GlobalSection(SolutionProperties) = preSolution
		HideSolutionNode = FALSE
	EndGlobalSection
	GlobalSection(NestedProjects) = preSolution
		{58B1A906-18AD-D9A8-6717-EDAC7A33B39E} = {02EA681E-C7D8-13C7-8484-4AC65E1B71E8}
		{F5746F6E-D3FB-190C-59C5-793B5D758048} = {02EA681E-C7D8-13C7-8484-4AC65E1B71E8}
		{89A92848-E6C3-0879-1DBE-56151ACEDF22} = {02EA681E-C7D8-13C7-8484-4AC65E1B71E8}
	EndGlobalSection
	GlobalSection(ExtensibilityGlobals) = postSolution
		SolutionGuid = {04C82E91-55E9-4DED-A719-0E7A461612CD}
	EndGlobalSection
EndGlobal
