
Microsoft Visual Studio Solution File, Format Version 12.00
# Visual Studio Version 17
VisualStudioVersion = 17.0.31903.59
MinimumVisualStudioVersion = 10.0.40219.1
Project("{FAE04EC0-301F-11D3-BF4B-00C04F79EFBC}") = "SpireCore", "SpireCore\SpireCore.csproj", "{EAFA7E43-33FA-4D85-A4CB-0F8AA72FE11C}"
EndProject
Project("{FAE04EC0-301F-11D3-BF4B-00C04F79EFBC}") = "{Namespace}.Application", "{Namespace}.Application\{Namespace}.Application.csproj", "{3A5CBE67-17B3-4E8A-996D-761AF92871CF}"
EndProject
Project("{FAE04EC0-301F-11D3-BF4B-00C04F79EFBC}") = "{Namespace}.Contracts", "{Namespace}.Contracts\{Namespace}.Contracts.csproj", "{D62A9009-FDBC-4611-ACAF-8ED18E5A2A46}"
EndProject
Project("{FAE04EC0-301F-11D3-BF4B-00C04F79EFBC}") = "{Namespace}.Host", "{Namespace}.Host\{Namespace}.Host.csproj", "{2405E15D-BE98-474B-8BF7-56D453DCEFF6}"
EndProject
Project("{FAE04EC0-301F-11D3-BF4B-00C04F79EFBC}") = "{Namespace}.Infrastructure", "{Namespace}.Infrastructure\{Namespace}.Infrastructure.csproj", "{3FB3BCCD-C67C-4307-9A79-785396AF18D2}"
EndProject
Global
	GlobalSection(SolutionConfigurationPlatforms) = preSolution
		Debug|Any CPU = Debug|Any CPU
		Debug|x64 = Debug|x64
		Debug|x86 = Debug|x86
		Release|Any CPU = Release|Any CPU
		Release|x64 = Release|x64
		Release|x86 = Release|x86
	EndGlobalSection
	GlobalSection(ProjectConfigurationPlatforms) = postSolution
		{EAFA7E43-33FA-4D85-A4CB-0F8AA72FE11C}.Debug|Any CPU.ActiveCfg = Debug|Any CPU
		{EAFA7E43-33FA-4D85-A4CB-0F8AA72FE11C}.Debug|Any CPU.Build.0 = Debug|Any CPU
		{EAFA7E43-33FA-4D85-A4CB-0F8AA72FE11C}.Debug|x64.ActiveCfg = Debug|Any CPU
		{EAFA7E43-33FA-4D85-A4CB-0F8AA72FE11C}.Debug|x64.Build.0 = Debug|Any CPU
		{EAFA7E43-33FA-4D85-A4CB-0F8AA72FE11C}.Debug|x86.ActiveCfg = Debug|Any CPU
		{EAFA7E43-33FA-4D85-A4CB-0F8AA72FE11C}.Debug|x86.Build.0 = Debug|Any CPU
		{EAFA7E43-33FA-4D85-A4CB-0F8AA72FE11C}.Release|Any CPU.ActiveCfg = Release|Any CPU
		{EAFA7E43-33FA-4D85-A4CB-0F8AA72FE11C}.Release|Any CPU.Build.0 = Release|Any CPU
		{EAFA7E43-33FA-4D85-A4CB-0F8AA72FE11C}.Release|x64.ActiveCfg = Release|Any CPU
		{EAFA7E43-33FA-4D85-A4CB-0F8AA72FE11C}.Release|x64.Build.0 = Release|Any CPU
		{EAFA7E43-33FA-4D85-A4CB-0F8AA72FE11C}.Release|x86.ActiveCfg = Release|Any CPU
		{EAFA7E43-33FA-4D85-A4CB-0F8AA72FE11C}.Release|x86.Build.0 = Release|Any CPU
		{3A5CBE67-17B3-4E8A-996D-761AF92871CF}.Debug|Any CPU.ActiveCfg = Debug|Any CPU
		{3A5CBE67-17B3-4E8A-996D-761AF92871CF}.Debug|Any CPU.Build.0 = Debug|Any CPU
		{3A5CBE67-17B3-4E8A-996D-761AF92871CF}.Debug|x64.ActiveCfg = Debug|Any CPU
		{3A5CBE67-17B3-4E8A-996D-761AF92871CF}.Debug|x64.Build.0 = Debug|Any CPU
		{3A5CBE67-17B3-4E8A-996D-761AF92871CF}.Debug|x86.ActiveCfg = Debug|Any CPU
		{3A5CBE67-17B3-4E8A-996D-761AF92871CF}.Debug|x86.Build.0 = Debug|Any CPU
		{3A5CBE67-17B3-4E8A-996D-761AF92871CF}.Release|Any CPU.ActiveCfg = Release|Any CPU
		{3A5CBE67-17B3-4E8A-996D-761AF92871CF}.Release|Any CPU.Build.0 = Release|Any CPU
		{3A5CBE67-17B3-4E8A-996D-761AF92871CF}.Release|x64.ActiveCfg = Release|Any CPU
		{3A5CBE67-17B3-4E8A-996D-761AF92871CF}.Release|x64.Build.0 = Release|Any CPU
		{3A5CBE67-17B3-4E8A-996D-761AF92871CF}.Release|x86.ActiveCfg = Release|Any CPU
		{3A5CBE67-17B3-4E8A-996D-761AF92871CF}.Release|x86.Build.0 = Release|Any CPU
		{D62A9009-FDBC-4611-ACAF-8ED18E5A2A46}.Debug|Any CPU.ActiveCfg = Debug|Any CPU
		{D62A9009-FDBC-4611-ACAF-8ED18E5A2A46}.Debug|Any CPU.Build.0 = Debug|Any CPU
		{D62A9009-FDBC-4611-ACAF-8ED18E5A2A46}.Debug|x64.ActiveCfg = Debug|Any CPU
		{D62A9009-FDBC-4611-ACAF-8ED18E5A2A46}.Debug|x64.Build.0 = Debug|Any CPU
		{D62A9009-FDBC-4611-ACAF-8ED18E5A2A46}.Debug|x86.ActiveCfg = Debug|Any CPU
		{D62A9009-FDBC-4611-ACAF-8ED18E5A2A46}.Debug|x86.Build.0 = Debug|Any CPU
		{D62A9009-FDBC-4611-ACAF-8ED18E5A2A46}.Release|Any CPU.ActiveCfg = Release|Any CPU
		{D62A9009-FDBC-4611-ACAF-8ED18E5A2A46}.Release|Any CPU.Build.0 = Release|Any CPU
		{D62A9009-FDBC-4611-ACAF-8ED18E5A2A46}.Release|x64.ActiveCfg = Release|Any CPU
		{D62A9009-FDBC-4611-ACAF-8ED18E5A2A46}.Release|x64.Build.0 = Release|Any CPU
		{D62A9009-FDBC-4611-ACAF-8ED18E5A2A46}.Release|x86.ActiveCfg = Release|Any CPU
		{D62A9009-FDBC-4611-ACAF-8ED18E5A2A46}.Release|x86.Build.0 = Release|Any CPU
		{2405E15D-BE98-474B-8BF7-56D453DCEFF6}.Debug|Any CPU.ActiveCfg = Debug|Any CPU
		{2405E15D-BE98-474B-8BF7-56D453DCEFF6}.Debug|Any CPU.Build.0 = Debug|Any CPU
		{2405E15D-BE98-474B-8BF7-56D453DCEFF6}.Debug|x64.ActiveCfg = Debug|Any CPU
		{2405E15D-BE98-474B-8BF7-56D453DCEFF6}.Debug|x64.Build.0 = Debug|Any CPU
		{2405E15D-BE98-474B-8BF7-56D453DCEFF6}.Debug|x86.ActiveCfg = Debug|Any CPU
		{2405E15D-BE98-474B-8BF7-56D453DCEFF6}.Debug|x86.Build.0 = Debug|Any CPU
		{2405E15D-BE98-474B-8BF7-56D453DCEFF6}.Release|Any CPU.ActiveCfg = Release|Any CPU
		{2405E15D-BE98-474B-8BF7-56D453DCEFF6}.Release|Any CPU.Build.0 = Release|Any CPU
		{2405E15D-BE98-474B-8BF7-56D453DCEFF6}.Release|x64.ActiveCfg = Release|Any CPU
		{2405E15D-BE98-474B-8BF7-56D453DCEFF6}.Release|x64.Build.0 = Release|Any CPU
		{2405E15D-BE98-474B-8BF7-56D453DCEFF6}.Release|x86.ActiveCfg = Release|Any CPU
		{2405E15D-BE98-474B-8BF7-56D453DCEFF6}.Release|x86.Build.0 = Release|Any CPU
		{3FB3BCCD-C67C-4307-9A79-785396AF18D2}.Debug|Any CPU.ActiveCfg = Debug|Any CPU
		{3FB3BCCD-C67C-4307-9A79-785396AF18D2}.Debug|Any CPU.Build.0 = Debug|Any CPU
		{3FB3BCCD-C67C-4307-9A79-785396AF18D2}.Debug|x64.ActiveCfg = Debug|Any CPU
		{3FB3BCCD-C67C-4307-9A79-785396AF18D2}.Debug|x64.Build.0 = Debug|Any CPU
		{3FB3BCCD-C67C-4307-9A79-785396AF18D2}.Debug|x86.ActiveCfg = Debug|Any CPU
		{3FB3BCCD-C67C-4307-9A79-785396AF18D2}.Debug|x86.Build.0 = Debug|Any CPU
		{3FB3BCCD-C67C-4307-9A79-785396AF18D2}.Release|Any CPU.ActiveCfg = Release|Any CPU
		{3FB3BCCD-C67C-4307-9A79-785396AF18D2}.Release|Any CPU.Build.0 = Release|Any CPU
		{3FB3BCCD-C67C-4307-9A79-785396AF18D2}.Release|x64.ActiveCfg = Release|Any CPU
		{3FB3BCCD-C67C-4307-9A79-785396AF18D2}.Release|x64.Build.0 = Release|Any CPU
		{3FB3BCCD-C67C-4307-9A79-785396AF18D2}.Release|x86.ActiveCfg = Release|Any CPU
		{3FB3BCCD-C67C-4307-9A79-785396AF18D2}.Release|x86.Build.0 = Release|Any CPU
	EndGlobalSection
	GlobalSection(SolutionProperties) = preSolution
		HideSolutionNode = FALSE
	EndGlobalSection
EndGlobal
